
Microsoft Visual Studio Solution File, Format Version 12.00
# Visual Studio 15
VisualStudioVersion = 15.0.28307.645
MinimumVisualStudioVersion = 10.0.40219.1
Project("{FAE04EC0-301F-11D3-BF4B-00C04F79EFBC}") = "Lab4", "Lab2\Lab4.csproj", "{D1874C2C-68B5-4360-8ED9-AF3F0A8A91BB}"
EndProject
Global
	GlobalSection(SolutionConfigurationPlatforms) = preSolution
		Debug|Any CPU = Debug|Any CPU
		Release|Any CPU = Release|Any CPU
	EndGlobalSection
	GlobalSection(ProjectConfigurationPlatforms) = postSolution
		{D1874C2C-68B5-4360-8ED9-AF3F0A8A91BB}.Debug|Any CPU.ActiveCfg = Debug|Any CPU
		{D1874C2C-68B5-4360-8ED9-AF3F0A8A91BB}.Debug|Any CPU.Build.0 = Debug|Any CPU
		{D1874C2C-68B5-4360-8ED9-AF3F0A8A91BB}.Release|Any CPU.ActiveCfg = Release|Any CPU
		{D1874C2C-68B5-4360-8ED9-AF3F0A8A91BB}.Release|Any CPU.Build.0 = Release|Any CPU
	EndGlobalSection
	GlobalSection(SolutionProperties) = preSolution
		HideSolutionNode = FALSE
	EndGlobalSection
	GlobalSection(ExtensibilityGlobals) = postSolution
		SolutionGuid = {FF980EBC-1427-4264-A273-F2B1B05CD735}
	EndGlobalSection
EndGlobal
